PODS:
  - AFNetworking (2.6.3):
    - AFNetworking/NSURLConnection (= 2.6.3)
    - AFNetworking/NSURLSession (= 2.6.3)
    - AFNetworking/Reachability (= 2.6.3)
    - AFNetworking/Security (= 2.6.3)
    - AFNetworking/Serialization (= 2.6.3)
    - AFNetworking/UIKit (= 2.6.3)
  - AFNetworking/NSURLConnection (2.6.3):
    - AFNetworking/Reachability
    - AFNetworking/Security
    - AFNetworking/Serialization
  - AFNetworking/NSURLSession (2.6.3):
    - AFNetworking/Reachability
    - AFNetworking/Security
    - AFNetworking/Serialization
  - AFNetworking/Reachability (2.6.3)
  - AFNetworking/Security (2.6.3)
  - AFNetworking/Serialization (2.6.3)
  - AFNetworking/UIKit (2.6.3):
    - AFNetworking/NSURLConnection
    - AFNetworking/NSURLSession
  - AliyunOSSiOS (2.5.3)
  - CocoaLumberjack (2.0.0):
    - CocoaLumberjack/Default (= 2.0.0)
    - CocoaLumberjack/Extensions (= 2.0.0)
  - CocoaLumberjack/Core (2.0.0)
  - CocoaLumberjack/Default (2.0.0):
    - CocoaLumberjack/Core
  - CocoaLumberjack/Extensions (2.0.0):
    - CocoaLumberjack/Default
  - CWStatusBarNotification (2.3.5)
  - DACircularProgress (2.3.1)
  - FMDB (2.6.2):
    - FMDB/standard (= 2.6.2)
  - FMDB/standard (2.6.2)
  - Masonry (1.0.2)
  - MJExtension (3.0.13)
  - MJRefresh (3.1.12)
  - NSObject-SafeExpectations (0.0.2)
  - pop (1.0.9)
  - ReactiveCocoa (2.5):
    - ReactiveCocoa/UI (= 2.5)
  - ReactiveCocoa/Core (2.5):
    - ReactiveCocoa/no-arc
  - ReactiveCocoa/no-arc (2.5)
  - ReactiveCocoa/UI (2.5):
    - ReactiveCocoa/Core
  - SDWebImage (3.8.2):
    - SDWebImage/Core (= 3.8.2)
  - SDWebImage/Core (3.8.2)
  - SGNavigationProgress (1.2)
  - SVProgressHUD (2.0.4)
  - TZImagePickerController (1.7.1)
  - UIAlertView+Blocks (0.8.1)
  - WordPress-iOS-Editor (0.9.1):
    - CocoaLumberjack (= 2.0.0)
    - NSObject-SafeExpectations (~> 0.0.2)
    - UIAlertView+Blocks (~> 0.8.1)
    - WordPress-iOS-Shared (~> 0.3)
    - WordPressCom-Analytics-iOS (~> 0.0.30)
  - WordPress-iOS-Shared (0.5.0):
    - AFNetworking (~> 2.5)
    - CocoaLumberjack (= 2.0.0)
  - WordPressCom-Analytics-iOS (0.0.41)
  - YYImage (1.0.4):
    - YYImage/Core (= 1.0.4)
  - YYImage/Core (1.0.4)

DEPENDENCIES:
  - AFNetworking
  - AliyunOSSiOS
  - CWStatusBarNotification (~> 2.3.5)
  - DACircularProgress
  - FMDB
  - Masonry
  - MJExtension
  - MJRefresh
  - pop
  - ReactiveCocoa (= 2.5)
  - SDWebImage
  - SGNavigationProgress
  - SVProgressHUD
  - TZImagePickerController
  - WordPress-iOS-Editor
  - YYImage

SPEC CHECKSUMS:
  AFNetworking: cb8d14a848e831097108418f5d49217339d4eb60
  AliyunOSSiOS: 80e7617a5f4b5af50888a8946f6a744726032972
  CocoaLumberjack: a6f77d987d65dc7ba86b0f84db7d0b9084f77bcb
  CWStatusBarNotification: 3d2738b25c3207f60cc50201388d3c96182545ff
  DACircularProgress: 4dd437c0fc3da5161cb289e07ac449493d41db71
  FMDB: 854a0341b4726e53276f2a8996f06f1b80f9259a
  Masonry: 7c429b56da9d4ee0bbb3ed77a5ea710d6a5df39e
  MJExtension: 5932755f451458eefa24239358817f8d291240c7
  MJRefresh: b96cdb21c4aa75a7b07654311ab2f315c497e806
  NSObject-SafeExpectations: 7d7f48df90df4e11da7cfe86b64f45eff7a7f521
  pop: f667631a5108a2e60d9e8797c9b32ddaf2080bce
  ReactiveCocoa: e2db045570aa97c695e7aa97c2bcab222ae51f4a
  SDWebImage: 098e97e6176540799c27e804c96653ee0833d13c
  SGNavigationProgress: f04e3bd0058c53e1172ee020b5239f22aa9e4a0f
  SVProgressHUD: bfde85ed6c573ea802b9cb37894ed9b629034f1b
  TZImagePickerController: cbfd57ba947263759b860f74132dd1bc33125afc
  UIAlertView+Blocks: 45c3d3b7194906702d3e9a14c7ece5581505646d
  WordPress-iOS-Editor: 31c09f96f7af2b9c908e11e847ce7a0f74b2fff0
  WordPress-iOS-Shared: 5480e7b5c9c55158ea22c89ff44fca5597852224
  WordPressCom-Analytics-iOS: 73de8c9a0f1a43bac03fd2fcd881389be73ee820
  YYImage: 1e1b62a9997399593e4b9c4ecfbbabbf1d3f3b54

PODFILE CHECKSUM: 73bd7e8202ed4c56027915ce9679dc785a86e0eb

COCOAPODS: 1.0.1
